
Microsoft Visual Studio Solution File, Format Version 12.00
# Visual Studio 2013
VisualStudioVersion = 12.0.30501.0
MinimumVisualStudioVersion = 10.0.40219.1
Project("{FAE04EC0-301F-11D3-BF4B-00C04F79EFBC}") = "ExtensionMethods", "ExtensionMethods\ExtensionMethods.csproj", "{31189FE4-5D77-434F-AC01-1FC6A7ED8B22}"
EndProject
Project("{FAE04EC0-301F-11D3-BF4B-00C04F79EFBC}") = "StudentsQuery", "StudentsQuery\StudentsQuery.csproj", "{C0C32EBA-1C13-4F41-A491-7A38807C99CD}"
EndProject
Global
	GlobalSection(SolutionConfigurationPlatforms) = preSolution
		Debug|Any CPU = Debug|Any CPU
		Release|Any CPU = Release|Any CPU
	EndGlobalSection
	GlobalSection(ProjectConfigurationPlatforms) = postSolution
		{31189FE4-5D77-434F-AC01-1FC6A7ED8B22}.Debug|Any CPU.ActiveCfg = Debug|Any CPU
		{31189FE4-5D77-434F-AC01-1FC6A7ED8B22}.Debug|Any CPU.Build.0 = Debug|Any CPU
		{31189FE4-5D77-434F-AC01-1FC6A7ED8B22}.Release|Any CPU.ActiveCfg = Release|Any CPU
		{31189FE4-5D77-434F-AC01-1FC6A7ED8B22}.Release|Any CPU.Build.0 = Release|Any CPU
		{C0C32EBA-1C13-4F41-A491-7A38807C99CD}.Debug|Any CPU.ActiveCfg = Debug|Any CPU
		{C0C32EBA-1C13-4F41-A491-7A38807C99CD}.Debug|Any CPU.Build.0 = Debug|Any CPU
		{C0C32EBA-1C13-4F41-A491-7A38807C99CD}.Release|Any CPU.ActiveCfg = Release|Any CPU
		{C0C32EBA-1C13-4F41-A491-7A38807C99CD}.Release|Any CPU.Build.0 = Release|Any CPU
	EndGlobalSection
	GlobalSection(SolutionProperties) = preSolution
		HideSolutionNode = FALSE
	EndGlobalSection
EndGlobal
